
Microsoft Visual Studio Solution File, Format Version 12.00
# Visual Studio Version 16
VisualStudioVersion = 16.0.30204.135
MinimumVisualStudioVersion = 10.0.40219.1
Project("{FAE04EC0-301F-11D3-BF4B-00C04F79EFBC}") = "UnityDI", "UnityDI\UnityDI.csproj", "{EC6F827A-BAB8-4AA2-A5C0-BE13C7DC0C6D}"
EndProject
Project("{FAE04EC0-301F-11D3-BF4B-00C04F79EFBC}") = "WebApiUnityDI", "WebApiUnityDI\WebApiUnityDI.csproj", "{29778183-DA19-4390-A516-A8D2F7B04856}"
EndProject
Project("{00D1A9C2-B5F0-4AF3-8072-F6C62B433612}") = "DatabaseDI", "DatabaseDI\DatabaseDI.sqlproj", "{51F3ED23-64B8-499A-8437-1BE27F02A985}"
EndProject
Project("{FAE04EC0-301F-11D3-BF4B-00C04F79EFBC}") = "ConsoleUnityDI", "ConsoleUnityDI\ConsoleUnityDI.csproj", "{30010A12-4961-4166-BC8D-2F5161676DCD}"
EndProject
Global
	GlobalSection(SolutionConfigurationPlatforms) = preSolution
		Debug|Any CPU = Debug|Any CPU
		Release|Any CPU = Release|Any CPU
	EndGlobalSection
	GlobalSection(ProjectConfigurationPlatforms) = postSolution
		{EC6F827A-BAB8-4AA2-A5C0-BE13C7DC0C6D}.Debug|Any CPU.ActiveCfg = Debug|Any CPU
		{EC6F827A-BAB8-4AA2-A5C0-BE13C7DC0C6D}.Debug|Any CPU.Build.0 = Debug|Any CPU
		{EC6F827A-BAB8-4AA2-A5C0-BE13C7DC0C6D}.Release|Any CPU.ActiveCfg = Release|Any CPU
		{EC6F827A-BAB8-4AA2-A5C0-BE13C7DC0C6D}.Release|Any CPU.Build.0 = Release|Any CPU
		{29778183-DA19-4390-A516-A8D2F7B04856}.Debug|Any CPU.ActiveCfg = Debug|Any CPU
		{29778183-DA19-4390-A516-A8D2F7B04856}.Debug|Any CPU.Build.0 = Debug|Any CPU
		{29778183-DA19-4390-A516-A8D2F7B04856}.Release|Any CPU.ActiveCfg = Release|Any CPU
		{29778183-DA19-4390-A516-A8D2F7B04856}.Release|Any CPU.Build.0 = Release|Any CPU
		{51F3ED23-64B8-499A-8437-1BE27F02A985}.Debug|Any CPU.ActiveCfg = Debug|Any CPU
		{51F3ED23-64B8-499A-8437-1BE27F02A985}.Debug|Any CPU.Build.0 = Debug|Any CPU
		{51F3ED23-64B8-499A-8437-1BE27F02A985}.Debug|Any CPU.Deploy.0 = Debug|Any CPU
		{51F3ED23-64B8-499A-8437-1BE27F02A985}.Release|Any CPU.ActiveCfg = Release|Any CPU
		{51F3ED23-64B8-499A-8437-1BE27F02A985}.Release|Any CPU.Build.0 = Release|Any CPU
		{51F3ED23-64B8-499A-8437-1BE27F02A985}.Release|Any CPU.Deploy.0 = Release|Any CPU
		{30010A12-4961-4166-BC8D-2F5161676DCD}.Debug|Any CPU.ActiveCfg = Debug|Any CPU
		{30010A12-4961-4166-BC8D-2F5161676DCD}.Debug|Any CPU.Build.0 = Debug|Any CPU
		{30010A12-4961-4166-BC8D-2F5161676DCD}.Release|Any CPU.ActiveCfg = Release|Any CPU
		{30010A12-4961-4166-BC8D-2F5161676DCD}.Release|Any CPU.Build.0 = Release|Any CPU
	EndGlobalSection
	GlobalSection(SolutionProperties) = preSolution
		HideSolutionNode = FALSE
	EndGlobalSection
	GlobalSection(ExtensibilityGlobals) = postSolution
		SolutionGuid = {7815B8A4-08E1-42C1-AD30-989BB147BD72}
	EndGlobalSection
EndGlobal
